
Microsoft Visual Studio Solution File, Format Version 12.00
# Visual Studio Version 16
VisualStudioVersion = 16.0.31112.23
MinimumVisualStudioVersion = 10.0.40219.1
Project("{FAE04EC0-301F-11D3-BF4B-00C04F79EFBC}") = "GenericPracticeProblem", "GenericPracticeProblem\GenericPracticeProblem.csproj", "{329BE832-939A-4A4A-A10A-864514AB30BB}"
EndProject
Project("{FAE04EC0-301F-11D3-BF4B-00C04F79EFBC}") = "ManIntegerNumberTest", "ManIntegerNumberTest\ManIntegerNumberTest.csproj", "{11ED9A51-D25F-43B0-852B-0C27A47A218C}"
EndProject
Global
	GlobalSection(SolutionConfigurationPlatforms) = preSolution
		Debug|Any CPU = Debug|Any CPU
		Release|Any CPU = Release|Any CPU
	EndGlobalSection
	GlobalSection(ProjectConfigurationPlatforms) = postSolution
		{329BE832-939A-4A4A-A10A-864514AB30BB}.Debug|Any CPU.ActiveCfg = Debug|Any CPU
		{329BE832-939A-4A4A-A10A-864514AB30BB}.Debug|Any CPU.Build.0 = Debug|Any CPU
		{329BE832-939A-4A4A-A10A-864514AB30BB}.Release|Any CPU.ActiveCfg = Release|Any CPU
		{329BE832-939A-4A4A-A10A-864514AB30BB}.Release|Any CPU.Build.0 = Release|Any CPU
		{11ED9A51-D25F-43B0-852B-0C27A47A218C}.Debug|Any CPU.ActiveCfg = Debug|Any CPU
		{11ED9A51-D25F-43B0-852B-0C27A47A218C}.Debug|Any CPU.Build.0 = Debug|Any CPU
		{11ED9A51-D25F-43B0-852B-0C27A47A218C}.Release|Any CPU.ActiveCfg = Release|Any CPU
		{11ED9A51-D25F-43B0-852B-0C27A47A218C}.Release|Any CPU.Build.0 = Release|Any CPU
	EndGlobalSection
	GlobalSection(SolutionProperties) = preSolution
		HideSolutionNode = FALSE
	EndGlobalSection
	GlobalSection(ExtensibilityGlobals) = postSolution
		SolutionGuid = {2E8FC3B1-570A-4CD9-89ED-D91D494D853A}
	EndGlobalSection
EndGlobal
